
Microsoft Visual Studio Solution File, Format Version 12.00
# Visual Studio Version 18
VisualStudioVersion = 18.3.11520.95
MinimumVisualStudioVersion = 10.0.40219.1
Project("{FAE04EC0-301F-11D3-BF4B-00C04F79EFBC}") = "SmarterSystems.ElliottWaves.Analyzer", "SmarterSystems.ElliottWaves.Analyzer\SmarterSystems.ElliottWaves.Analyzer.csproj", "{C3F1D63F-57CA-4E00-A5E7-EEADCECA5A14}"
EndProject
Project("{FAE04EC0-301F-11D3-BF4B-00C04F79EFBC}") = "SmarterSystems.ElliottWaves.Validation", "SmarterSystems.ElliottWaves.Validation\SmarterSystems.ElliottWaves.Validation.csproj", "{B4155E83-35FB-48AE-8641-57A7793236DF}"
EndProject
Global
	GlobalSection(SolutionConfigurationPlatforms) = preSolution
		Debug|Any CPU = Debug|Any CPU
		Release|Any CPU = Release|Any CPU
	EndGlobalSection
	GlobalSection(ProjectConfigurationPlatforms) = postSolution
		{C3F1D63F-57CA-4E00-A5E7-EEADCECA5A14}.Debug|Any CPU.ActiveCfg = Debug|Any CPU
		{C3F1D63F-57CA-4E00-A5E7-EEADCECA5A14}.Debug|Any CPU.Build.0 = Debug|Any CPU
		{C3F1D63F-57CA-4E00-A5E7-EEADCECA5A14}.Release|Any CPU.ActiveCfg = Release|Any CPU
		{C3F1D63F-57CA-4E00-A5E7-EEADCECA5A14}.Release|Any CPU.Build.0 = Release|Any CPU
		{B4155E83-35FB-48AE-8641-57A7793236DF}.Debug|Any CPU.ActiveCfg = Debug|Any CPU
		{B4155E83-35FB-48AE-8641-57A7793236DF}.Debug|Any CPU.Build.0 = Debug|Any CPU
		{B4155E83-35FB-48AE-8641-57A7793236DF}.Release|Any CPU.ActiveCfg = Release|Any CPU
		{B4155E83-35FB-48AE-8641-57A7793236DF}.Release|Any CPU.Build.0 = Release|Any CPU
	EndGlobalSection
	GlobalSection(SolutionProperties) = preSolution
		HideSolutionNode = FALSE
	EndGlobalSection
	GlobalSection(ExtensibilityGlobals) = postSolution
		SolutionGuid = {609547CF-7960-43E0-A3DD-95959F92C0E6}
	EndGlobalSection
EndGlobal
